
Microsoft Visual Studio Solution File, Format Version 12.00
# Visual Studio 2012
Project("{FAE04EC0-301F-11D3-BF4B-00C04F79EFBC}") = "SharePirates.BuddyWeb", "SharePirates.BuddyWeb\SharePirates.BuddyWeb\SharePirates.BuddyWeb.csproj", "{EC547ABF-572C-4FE4-8115-774CF33850D0}"
EndProject
Project("{FAE04EC0-301F-11D3-BF4B-00C04F79EFBC}") = "SharePirates.ContentTypes", "SharePirates.ContentTypes\SharePirates.ContentTypes\SharePirates.ContentTypes.csproj", "{600A0658-DB28-489F-9D73-C6D69D50D554}"
EndProject
Project("{FAE04EC0-301F-11D3-BF4B-00C04F79EFBC}") = "SharePirates.Torrent.Parsers", "SharePirates.Torrent.Parsers\SharePirates.Torrent.Parsers.csproj", "{2A7A17FA-FE3A-4AFC-A049-A8D25C8D4467}"
EndProject
Project("{FAE04EC0-301F-11D3-BF4B-00C04F79EFBC}") = "SharePirates.TorrentDownloader", "SharePirates.TorrentDownloader\SharePirates.TorrentDownloader.csproj", "{081BEDC5-FAEC-4C13-90F9-D650D20F774E}"
EndProject
Project("{FAE04EC0-301F-11D3-BF4B-00C04F79EFBC}") = "SharePirates.TorrentNotifier", "SharePirates.TorrentNotifier\SharePirates.TorrentNotifier.csproj", "{7C47323A-91CC-413F-BE75-0D045ECEF715}"
EndProject
Project("{FAE04EC0-301F-11D3-BF4B-00C04F79EFBC}") = "SharePirates.Common", "SharePirates.Common\SharePirates.Common.csproj", "{6484A2DD-BC21-4754-B8C1-C61D7D04E61A}"
EndProject
Project("{FAE04EC0-301F-11D3-BF4B-00C04F79EFBC}") = "SharePirates.Torrent.DataPopulator", "SharePirates.Torrent.DataPopulator\SharePirates.Torrent.DataPopulator.csproj", "{329306F5-5B1F-4D1D-9863-5CBA4FED8AC5}"
EndProject
Project("{FAE04EC0-301F-11D3-BF4B-00C04F79EFBC}") = "SharePirates.Chat", "SharePirates.Chat\SharePirates.Chat.csproj", "{02AA2864-A526-4443-9637-1D98183763D5}"
EndProject
Global
	GlobalSection(SolutionConfigurationPlatforms) = preSolution
		Debug|Any CPU = Debug|Any CPU
		Release|Any CPU = Release|Any CPU
	EndGlobalSection
	GlobalSection(ProjectConfigurationPlatforms) = postSolution
		{EC547ABF-572C-4FE4-8115-774CF33850D0}.Debug|Any CPU.ActiveCfg = Debug|Any CPU
		{EC547ABF-572C-4FE4-8115-774CF33850D0}.Debug|Any CPU.Build.0 = Debug|Any CPU
		{EC547ABF-572C-4FE4-8115-774CF33850D0}.Release|Any CPU.ActiveCfg = Release|Any CPU
		{EC547ABF-572C-4FE4-8115-774CF33850D0}.Release|Any CPU.Build.0 = Release|Any CPU
		{600A0658-DB28-489F-9D73-C6D69D50D554}.Debug|Any CPU.ActiveCfg = Debug|Any CPU
		{600A0658-DB28-489F-9D73-C6D69D50D554}.Debug|Any CPU.Build.0 = Debug|Any CPU
		{600A0658-DB28-489F-9D73-C6D69D50D554}.Release|Any CPU.ActiveCfg = Release|Any CPU
		{600A0658-DB28-489F-9D73-C6D69D50D554}.Release|Any CPU.Build.0 = Release|Any CPU
		{2A7A17FA-FE3A-4AFC-A049-A8D25C8D4467}.Debug|Any CPU.ActiveCfg = Debug|Any CPU
		{2A7A17FA-FE3A-4AFC-A049-A8D25C8D4467}.Debug|Any CPU.Build.0 = Debug|Any CPU
		{2A7A17FA-FE3A-4AFC-A049-A8D25C8D4467}.Release|Any CPU.ActiveCfg = Release|Any CPU
		{2A7A17FA-FE3A-4AFC-A049-A8D25C8D4467}.Release|Any CPU.Build.0 = Release|Any CPU
		{081BEDC5-FAEC-4C13-90F9-D650D20F774E}.Debug|Any CPU.ActiveCfg = Debug|Any CPU
		{081BEDC5-FAEC-4C13-90F9-D650D20F774E}.Debug|Any CPU.Build.0 = Debug|Any CPU
		{081BEDC5-FAEC-4C13-90F9-D650D20F774E}.Release|Any CPU.ActiveCfg = Release|Any CPU
		{081BEDC5-FAEC-4C13-90F9-D650D20F774E}.Release|Any CPU.Build.0 = Release|Any CPU
		{7C47323A-91CC-413F-BE75-0D045ECEF715}.Debug|Any CPU.ActiveCfg = Debug|Any CPU
		{7C47323A-91CC-413F-BE75-0D045ECEF715}.Debug|Any CPU.Build.0 = Debug|Any CPU
		{7C47323A-91CC-413F-BE75-0D045ECEF715}.Release|Any CPU.ActiveCfg = Release|Any CPU
		{7C47323A-91CC-413F-BE75-0D045ECEF715}.Release|Any CPU.Build.0 = Release|Any CPU
		{6484A2DD-BC21-4754-B8C1-C61D7D04E61A}.Debug|Any CPU.ActiveCfg = Debug|Any CPU
		{6484A2DD-BC21-4754-B8C1-C61D7D04E61A}.Debug|Any CPU.Build.0 = Debug|Any CPU
		{6484A2DD-BC21-4754-B8C1-C61D7D04E61A}.Release|Any CPU.ActiveCfg = Release|Any CPU
		{6484A2DD-BC21-4754-B8C1-C61D7D04E61A}.Release|Any CPU.Build.0 = Release|Any CPU
		{329306F5-5B1F-4D1D-9863-5CBA4FED8AC5}.Debug|Any CPU.ActiveCfg = Debug|Any CPU
		{329306F5-5B1F-4D1D-9863-5CBA4FED8AC5}.Debug|Any CPU.Build.0 = Debug|Any CPU
		{329306F5-5B1F-4D1D-9863-5CBA4FED8AC5}.Release|Any CPU.ActiveCfg = Release|Any CPU
		{329306F5-5B1F-4D1D-9863-5CBA4FED8AC5}.Release|Any CPU.Build.0 = Release|Any CPU
		{02AA2864-A526-4443-9637-1D98183763D5}.Debug|Any CPU.ActiveCfg = Debug|Any CPU
		{02AA2864-A526-4443-9637-1D98183763D5}.Debug|Any CPU.Build.0 = Debug|Any CPU
		{02AA2864-A526-4443-9637-1D98183763D5}.Debug|Any CPU.Deploy.0 = Debug|Any CPU
		{02AA2864-A526-4443-9637-1D98183763D5}.Release|Any CPU.ActiveCfg = Release|Any CPU
		{02AA2864-A526-4443-9637-1D98183763D5}.Release|Any CPU.Build.0 = Release|Any CPU
		{02AA2864-A526-4443-9637-1D98183763D5}.Release|Any CPU.Deploy.0 = Release|Any CPU
	EndGlobalSection
	GlobalSection(SolutionProperties) = preSolution
		HideSolutionNode = FALSE
	EndGlobalSection
EndGlobal
