
Microsoft Visual Studio Solution File, Format Version 12.00
# Visual Studio 2012
Project("{FAE04EC0-301F-11D3-BF4B-00C04F79EFBC}") = "SharePirates.ContentTypes", "SharePirates.ContentTypes\SharePirates.ContentTypes.csproj", "{600A0658-DB28-489F-9D73-C6D69D50D554}"
EndProject
Project("{FAE04EC0-301F-11D3-BF4B-00C04F79EFBC}") = "SharePirates.TorrentDownloader", "..\SharePirates.TorrentDownloader\SharePirates.TorrentDownloader.csproj", "{081BEDC5-FAEC-4C13-90F9-D650D20F774E}"
EndProject
Project("{FAE04EC0-301F-11D3-BF4B-00C04F79EFBC}") = "SharePirates.TorrentNotifier", "..\SharePirates.TorrentNotifier\SharePirates.TorrentNotifier.csproj", "{7C47323A-91CC-413F-BE75-0D045ECEF715}"
EndProject
Global
	GlobalSection(SolutionConfigurationPlatforms) = preSolution
		Debug|Any CPU = Debug|Any CPU
		Release|Any CPU = Release|Any CPU
	EndGlobalSection
	GlobalSection(ProjectConfigurationPlatforms) = postSolution
		{600A0658-DB28-489F-9D73-C6D69D50D554}.Debug|Any CPU.ActiveCfg = Debug|Any CPU
		{600A0658-DB28-489F-9D73-C6D69D50D554}.Debug|Any CPU.Build.0 = Debug|Any CPU
		{600A0658-DB28-489F-9D73-C6D69D50D554}.Release|Any CPU.ActiveCfg = Release|Any CPU
		{600A0658-DB28-489F-9D73-C6D69D50D554}.Release|Any CPU.Build.0 = Release|Any CPU
		{081BEDC5-FAEC-4C13-90F9-D650D20F774E}.Debug|Any CPU.ActiveCfg = Debug|Any CPU
		{081BEDC5-FAEC-4C13-90F9-D650D20F774E}.Debug|Any CPU.Build.0 = Debug|Any CPU
		{081BEDC5-FAEC-4C13-90F9-D650D20F774E}.Release|Any CPU.ActiveCfg = Release|Any CPU
		{081BEDC5-FAEC-4C13-90F9-D650D20F774E}.Release|Any CPU.Build.0 = Release|Any CPU
		{7C47323A-91CC-413F-BE75-0D045ECEF715}.Debug|Any CPU.ActiveCfg = Debug|Any CPU
		{7C47323A-91CC-413F-BE75-0D045ECEF715}.Debug|Any CPU.Build.0 = Debug|Any CPU
		{7C47323A-91CC-413F-BE75-0D045ECEF715}.Release|Any CPU.ActiveCfg = Release|Any CPU
		{7C47323A-91CC-413F-BE75-0D045ECEF715}.Release|Any CPU.Build.0 = Release|Any CPU
	EndGlobalSection
	GlobalSection(SolutionProperties) = preSolution
		HideSolutionNode = FALSE
	EndGlobalSection
EndGlobal
